
Microsoft Visual Studio Solution File, Format Version 12.00
# Visual Studio Version 17
VisualStudioVersion = 17.7.34018.315
MinimumVisualStudioVersion = 10.0.40219.1
Project("{FAE04EC0-301F-11D3-BF4B-00C04F79EFBC}") = "Projeto_Luz", "Projeto_Luz\Projeto_Luz.csproj", "{CC009111-52D2-4E81-A649-BD36DA4C0682}"
EndProject
Global
	GlobalSection(SolutionConfigurationPlatforms) = preSolution
		Debug|Any CPU = Debug|Any CPU
		Release|Any CPU = Release|Any CPU
	EndGlobalSection
	GlobalSection(ProjectConfigurationPlatforms) = postSolution
		{CC009111-52D2-4E81-A649-BD36DA4C0682}.Debug|Any CPU.ActiveCfg = Debug|Any CPU
		{CC009111-52D2-4E81-A649-BD36DA4C0682}.Debug|Any CPU.Build.0 = Debug|Any CPU
		{CC009111-52D2-4E81-A649-BD36DA4C0682}.Release|Any CPU.ActiveCfg = Release|Any CPU
		{CC009111-52D2-4E81-A649-BD36DA4C0682}.Release|Any CPU.Build.0 = Release|Any CPU
	EndGlobalSection
	GlobalSection(SolutionProperties) = preSolution
		HideSolutionNode = FALSE
	EndGlobalSection
	GlobalSection(ExtensibilityGlobals) = postSolution
		SolutionGuid = {751E3BD4-11C3-4E91-B843-B004DDA8F226}
	EndGlobalSection
EndGlobal
